// !$*UTF8*$!
{
	archiveVersion = 1;
	classes = {
	};
	objectVersion = 46;
	objects = {

/* Begin PBXBuildFile section */
		7C299DC01EB2E90300BA67F1 /* AppDelegate.swift in Sources */ = {isa = PBXBuildFile; fileRef = 7C299DBF1EB2E90300BA67F1 /* AppDelegate.swift */; };
		7C299DC21EB2E90300BA67F1 /* ViewController.swift in Sources */ = {isa = PBXBuildFile; fileRef = 7C299DC11EB2E90300BA67F1 /* ViewController.swift */; };
		7C299DC51EB2E90300BA67F1 /* Main.storyboard in Resources */ = {isa = PBXBuildFile; fileRef = 7C299DC31EB2E90300BA67F1 /* Main.storyboard */; };
		7C299DC71EB2E90300BA67F1 /* Assets.xcassets in Resources */ = {isa = PBXBuildFile; fileRef = 7C299DC61EB2E90300BA67F1 /* Assets.xcassets */; };
		7C299DCA1EB2E90300BA67F1 /* LaunchScreen.storyboard in Resources */ = {isa = PBXBuildFile; fileRef = 7C299DC81EB2E90300BA67F1 /* LaunchScreen.storyboard */; };
		7C299DD21EB2E92A00BA67F1 /* LearnFunc.swift in Sources */ = {isa = PBXBuildFile; fileRef = 7C299DD11EB2E92A00BA67F1 /* LearnFunc.swift */; };
		7C7297111EB86CB200842EE5 /* LearnClosure.swift in Sources */ = {isa = PBXBuildFile; fileRef = 7C7297101EB86CB200842EE5 /* LearnClosure.swift */; };
		7C7297131EB86D6300842EE5 /* HttpTool.swift in Sources */ = {isa = PBXBuildFile; fileRef = 7C7297121EB86D6300842EE5 /* HttpTool.swift */; };
		7C7297151EB9CC9E00842EE5 /* Person.swift in Sources */ = {isa = PBXBuildFile; fileRef = 7C7297141EB9CC9E00842EE5 /* Person.swift */; };
		7C7297171EB9D16100842EE5 /* Student.swift in Sources */ = {isa = PBXBuildFile; fileRef = 7C7297161EB9D16100842EE5 /* Student.swift */; };
		7C7297191EB9DAE700842EE5 /* Apple.swift in Sources */ = {isa = PBXBuildFile; fileRef = 7C7297181EB9DAE700842EE5 /* Apple.swift */; };
		7CA63F9B1EBC20F000B7C4DB /* KVC_Person.swift in Sources */ = {isa = PBXBuildFile; fileRef = 7CA63F9A1EBC20F000B7C4DB /* KVC_Person.swift */; };
		7CA63F9D1EBC5B0A00B7C4DB /* Student_KVCPerson.swift in Sources */ = {isa = PBXBuildFile; fileRef = 7CA63F9C1EBC5B0A00B7C4DB /* Student_KVCPerson.swift */; };
		7CA63FA11EBC6E2B00B7C4DB /* Dog.swift in Sources */ = {isa = PBXBuildFile; fileRef = 7CA63FA01EBC6E2B00B7C4DB /* Dog.swift */; };
/* End PBXBuildFile section */

/* Begin PBXFileReference section */
		7C299DBC1EB2E90300BA67F1 /* Swift3.x_basics.app */ = {isa = PBXFileReference; explicitFileType = wrapper.application; includeInIndex = 0; path = Swift3.x_basics.app; sourceTree = BUILT_PRODUCTS_DIR; };
		7C299DBF1EB2E90300BA67F1 /* AppDelegate.swift */ = {isa = PBXFileReference; lastKnownFileType = sourcecode.swift; path = AppDelegate.swift; sourceTree = "<group>"; };
		7C299DC11EB2E90300BA67F1 /* ViewController.swift */ = {isa = PBXFileReference; lastKnownFileType = sourcecode.swift; path = ViewController.swift; sourceTree = "<group>"; };
		7C299DC41EB2E90300BA67F1 /* Base */ = {isa = PBXFileReference; lastKnownFileType = file.storyboard; name = Base; path = Base.lproj/Main.storyboard; sourceTree = "<group>"; };
		7C299DC61EB2E90300BA67F1 /* Assets.xcassets */ = {isa = PBXFileReference; lastKnownFileType = folder.assetcatalog; path = Assets.xcassets; sourceTree = "<group>"; };
		7C299DC91EB2E90300BA67F1 /* Base */ = {isa = PBXFileReference; lastKnownFileType = file.storyboard; name = Base; path = Base.lproj/LaunchScreen.storyboard; sourceTree = "<group>"; };
		7C299DCB1EB2E90300BA67F1 /* Info.plist */ = {isa = PBXFileReference; lastKnownFileType = text.plist.xml; path = Info.plist; sourceTree = "<group>"; };
		7C299DD11EB2E92A00BA67F1 /* LearnFunc.swift */ = {isa = PBXFileReference; fileEncoding = 4; lastKnownFileType = sourcecode.swift; path = LearnFunc.swift; sourceTree = "<group>"; };
		7C7297101EB86CB200842EE5 /* LearnClosure.swift */ = {isa = PBXFileReference; fileEncoding = 4; lastKnownFileType = sourcecode.swift; path = LearnClosure.swift; sourceTree = "<group>"; };
		7C7297121EB86D6300842EE5 /* HttpTool.swift */ = {isa = PBXFileReference; fileEncoding = 4; lastKnownFileType = sourcecode.swift; path = HttpTool.swift; sourceTree = "<group>"; };
		7C7297141EB9CC9E00842EE5 /* Person.swift */ = {isa = PBXFileReference; fileEncoding = 4; lastKnownFileType = sourcecode.swift; path = Person.swift; sourceTree = "<group>"; };
		7C7297161EB9D16100842EE5 /* Student.swift */ = {isa = PBXFileReference; fileEncoding = 4; lastKnownFileType = sourcecode.swift; path = Student.swift; sourceTree = "<group>"; };
		7C7297181EB9DAE700842EE5 /* Apple.swift */ = {isa = PBXFileReference; fileEncoding = 4; lastKnownFileType = sourcecode.swift; path = Apple.swift; sourceTree = "<group>"; };
		7CA63F9A1EBC20F000B7C4DB /* KVC_Person.swift */ = {isa = PBXFileReference; fileEncoding = 4; lastKnownFileType = sourcecode.swift; path = KVC_Person.swift; sourceTree = "<group>"; };
		7CA63F9C1EBC5B0A00B7C4DB /* Student_KVCPerson.swift */ = {isa = PBXFileReference; fileEncoding = 4; lastKnownFileType = sourcecode.swift; path = Student_KVCPerson.swift; sourceTree = "<group>"; };
		7CA63FA01EBC6E2B00B7C4DB /* Dog.swift */ = {isa = PBXFileReference; fileEncoding = 4; lastKnownFileType = sourcecode.swift; path = Dog.swift; sourceTree = "<group>"; };
/* End PBXFileReference section */

/* Begin PBXFrameworksBuildPhase section */
		7C299DB91EB2E90300BA67F1 /* Frameworks */ = {
			isa = PBXFrameworksBuildPhase;
			buildActionMask = 2147483647;
			files = (
			);
			runOnlyForDeploymentPostprocessing = 0;
		};
/* End PBXFrameworksBuildPhase section */

/* Begin PBXGroup section */
		7C299DB31EB2E90300BA67F1 = {
			isa = PBXGroup;
			children = (
				7C299DBE1EB2E90300BA67F1 /* Swift3.x_basics */,
				7C299DBD1EB2E90300BA67F1 /* Products */,
			);
			sourceTree = "<group>";
		};
		7C299DBD1EB2E90300BA67F1 /* Products */ = {
			isa = PBXGroup;
			children = (
				7C299DBC1EB2E90300BA67F1 /* Swift3.x_basics.app */,
			);
			name = Products;
			sourceTree = "<group>";
		};
		7C299DBE1EB2E90300BA67F1 /* Swift3.x_basics */ = {
			isa = PBXGroup;
			children = (
				7CA63FA01EBC6E2B00B7C4DB /* Dog.swift */,
				7C299DBF1EB2E90300BA67F1 /* AppDelegate.swift */,
				7C299DC11EB2E90300BA67F1 /* ViewController.swift */,
				7C299DD11EB2E92A00BA67F1 /* LearnFunc.swift */,
				7C7297101EB86CB200842EE5 /* LearnClosure.swift */,
				7C7297121EB86D6300842EE5 /* HttpTool.swift */,
				7C7297141EB9CC9E00842EE5 /* Person.swift */,
				7C7297161EB9D16100842EE5 /* Student.swift */,
				7C7297181EB9DAE700842EE5 /* Apple.swift */,
				7CA63F9A1EBC20F000B7C4DB /* KVC_Person.swift */,
				7CA63F9C1EBC5B0A00B7C4DB /* Student_KVCPerson.swift */,
				7C299DC31EB2E90300BA67F1 /* Main.storyboard */,
				7C299DC61EB2E90300BA67F1 /* Assets.xcassets */,
				7C299DC81EB2E90300BA67F1 /* LaunchScreen.storyboard */,
				7C299DCB1EB2E90300BA67F1 /* Info.plist */,
			);
			path = Swift3.x_basics;
			sourceTree = "<group>";
		};
/* End PBXGroup section */

/* Begin PBXNativeTarget section */
		7C299DBB1EB2E90300BA67F1 /* Swift3.x_basics */ = {
			isa = PBXNativeTarget;
			buildConfigurationList = 7C299DCE1EB2E90300BA67F1 /* Build configuration list for PBXNativeTarget "Swift3.x_basics" */;
			buildPhases = (
				7C299DB81EB2E90300BA67F1 /* Sources */,
				7C299DB91EB2E90300BA67F1 /* Frameworks */,
				7C299DBA1EB2E90300BA67F1 /* Resources */,
			);
			buildRules = (
			);
			dependencies = (
			);
			name = Swift3.x_basics;
			productName = Swift3.x_basics;
			productReference = 7C299DBC1EB2E90300BA67F1 /* Swift3.x_basics.app */;
			productType = "com.apple.product-type.application";
		};
/* End PBXNativeTarget section */

/* Begin PBXProject section */
		7C299DB41EB2E90300BA67F1 /* Project object */ = {
			isa = PBXProject;
			attributes = {
				LastSwiftUpdateCheck = 0830;
				LastUpgradeCheck = 0830;
				ORGANIZATIONNAME = WJQ;
				TargetAttributes = {
					7C299DBB1EB2E90300BA67F1 = {
						CreatedOnToolsVersion = 8.3.2;
						DevelopmentTeam = A4TJ894JA9;
						ProvisioningStyle = Automatic;
					};
				};
			};
			buildConfigurationList = 7C299DB71EB2E90300BA67F1 /* Build configuration list for PBXProject "Swift3.x_basics" */;
			compatibilityVersion = "Xcode 3.2";
			developmentRegion = English;
			hasScannedForEncodings = 0;
			knownRegions = (
				en,
				Base,
			);
			mainGroup = 7C299DB31EB2E90300BA67F1;
			productRefGroup = 7C299DBD1EB2E90300BA67F1 /* Products */;
			projectDirPath = "";
			projectRoot = "";
			targets = (
				7C299DBB1EB2E90300BA67F1 /* Swift3.x_basics */,
			);
		};
/* End PBXProject section */

/* Begin PBXResourcesBuildPhase section */
		7C299DBA1EB2E90300BA67F1 /* Resources */ = {
			isa = PBXResourcesBuildPhase;
			buildActionMask = 2147483647;
			files = (
				7C299DCA1EB2E90300BA67F1 /* LaunchScreen.storyboard in Resources */,
				7C299DC71EB2E90300BA67F1 /* Assets.xcassets in Resources */,
				7C299DC51EB2E90300BA67F1 /* Main.storyboard in Resources */,
			);
			runOnlyForDeploymentPostprocessing = 0;
		};
/* End PBXResourcesBuildPhase section */

/* Begin PBXSourcesBuildPhase section */
		7C299DB81EB2E90300BA67F1 /* Sources */ = {
			isa = PBXSourcesBuildPhase;
			buildActionMask = 2147483647;
			files = (
				7C7297191EB9DAE700842EE5 /* Apple.swift in Sources */,
				7C7297151EB9CC9E00842EE5 /* Person.swift in Sources */,
				7CA63F9B1EBC20F000B7C4DB /* KVC_Person.swift in Sources */,
				7C7297131EB86D6300842EE5 /* HttpTool.swift in Sources */,
				7C7297111EB86CB200842EE5 /* LearnClosure.swift in Sources */,
				7CA63FA11EBC6E2B00B7C4DB /* Dog.swift in Sources */,
				7C299DC21EB2E90300BA67F1 /* ViewController.swift in Sources */,
				7C299DC01EB2E90300BA67F1 /* AppDelegate.swift in Sources */,
				7C7297171EB9D16100842EE5 /* Student.swift in Sources */,
				7C299DD21EB2E92A00BA67F1 /* LearnFunc.swift in Sources */,
				7CA63F9D1EBC5B0A00B7C4DB /* Student_KVCPerson.swift in Sources */,
			);
			runOnlyForDeploymentPostprocessing = 0;
		};
/* End PBXSourcesBuildPhase section */

/* Begin PBXVariantGroup section */
		7C299DC31EB2E90300BA67F1 /* Main.storyboard */ = {
			isa = PBXVariantGroup;
			children = (
				7C299DC41EB2E90300BA67F1 /* Base */,
			);
			name = Main.storyboard;
			sourceTree = "<group>";
		};
		7C299DC81EB2E90300BA67F1 /* LaunchScreen.storyboard */ = {
			isa = PBXVariantGroup;
			children = (
				7C299DC91EB2E90300BA67F1 /* Base */,
			);
			name = LaunchScreen.storyboard;
			sourceTree = "<group>";
		};
/* End PBXVariantGroup section */

/* Begin XCBuildConfiguration section */
		7C299DCC1EB2E90300BA67F1 /* Debug */ = {
			isa = XCBuildConfiguration;
			buildSettings = {
				ALWAYS_SEARCH_USER_PATHS = NO;
				CLANG_ANALYZER_NONNULL = YES;
				CLANG_ANALYZER_NUMBER_OBJECT_CONVERSION = YES_AGGRESSIVE;
				CLANG_CXX_LANGUAGE_STANDARD = "gnu++0x";
				CLANG_CXX_LIBRARY = "libc++";
				CLANG_ENABLE_MODULES = YES;
				CLANG_ENABLE_OBJC_ARC = YES;
				CLANG_WARN_BOOL_CONVERSION = YES;
				CLANG_WARN_CONSTANT_CONVERSION = YES;
				CLANG_WARN_DIRECT_OBJC_ISA_USAGE = YES_ERROR;
				CLANG_WARN_DOCUMENTATION_COMMENTS = YES;
				CLANG_WARN_EMPTY_BODY = YES;
				CLANG_WARN_ENUM_CONVERSION = YES;
				CLANG_WARN_INFINITE_RECURSION = YES;
				CLANG_WARN_INT_CONVERSION = YES;
				CLANG_WARN_OBJC_ROOT_CLASS = YES_ERROR;
				CLANG_WARN_SUSPICIOUS_MOVE = YES;
				CLANG_WARN_UNREACHABLE_CODE = YES;
				CLANG_WARN__DUPLICATE_METHOD_MATCH = YES;
				"CODE_SIGN_IDENTITY[sdk=iphoneos*]" = "iPhone Developer";
				COPY_PHASE_STRIP = NO;
				DEBUG_INFORMATION_FORMAT = dwarf;
				ENABLE_STRICT_OBJC_MSGSEND = YES;
				ENABLE_TESTABILITY = YES;
				GCC_C_LANGUAGE_STANDARD = gnu99;
				GCC_DYNAMIC_NO_PIC = NO;
				GCC_NO_COMMON_BLOCKS = YES;
				GCC_OPTIMIZATION_LEVEL = 0;
				GCC_PREPROCESSOR_DEFINITIONS = (
					"DEBUG=1",
					"$(inherited)",
				);
				GCC_WARN_64_TO_32_BIT_CONVERSION = YES;
				GCC_WARN_ABOUT_RETURN_TYPE = YES_ERROR;
				GCC_WARN_UNDECLARED_SELECTOR = YES;
				GCC_WARN_UNINITIALIZED_AUTOS = YES_AGGRESSIVE;
				GCC_WARN_UNUSED_FUNCTION = YES;
				GCC_WARN_UNUSED_VARIABLE = YES;
				IPHONEOS_DEPLOYMENT_TARGET = 10.3;
				MTL_ENABLE_DEBUG_INFO = YES;
				ONLY_ACTIVE_ARCH = YES;
				SDKROOT = iphoneos;
				SWIFT_ACTIVE_COMPILATION_CONDITIONS = DEBUG;
				SWIFT_OPTIMIZATION_LEVEL = "-Onone";
				TARGETED_DEVICE_FAMILY = "1,2";
			};
			name = Debug;
		};
		7C299DCD1EB2E90300BA67F1 /* Release */ = {
			isa = XCBuildConfiguration;
			buildSettings = {
				ALWAYS_SEARCH_USER_PATHS = NO;
				CLANG_ANALYZER_NONNULL = YES;
				CLANG_ANALYZER_NUMBER_OBJECT_CONVERSION = YES_AGGRESSIVE;
				CLANG_CXX_LANGUAGE_STANDARD = "gnu++0x";
				CLANG_CXX_LIBRARY = "libc++";
				CLANG_ENABLE_MODULES = YES;
				CLANG_ENABLE_OBJC_ARC = YES;
				CLANG_WARN_BOOL_CONVERSION = YES;
				CLANG_WARN_CONSTANT_CONVERSION = YES;
				CLANG_WARN_DIRECT_OBJC_ISA_USAGE = YES_ERROR;
				CLANG_WARN_DOCUMENTATION_COMMENTS = YES;
				CLANG_WARN_EMPTY_BODY = YES;
				CLANG_WARN_ENUM_CONVERSION = YES;
				CLANG_WARN_INFINITE_RECURSION = YES;
				CLANG_WARN_INT_CONVERSION = YES;
				CLANG_WARN_OBJC_ROOT_CLASS = YES_ERROR;
				CLANG_WARN_SUSPICIOUS_MOVE = YES;
				CLANG_WARN_UNREACHABLE_CODE = YES;
				CLANG_WARN__DUPLICATE_METHOD_MATCH = YES;
				"CODE_SIGN_IDENTITY[sdk=iphoneos*]" = "iPhone Developer";
				COPY_PHASE_STRIP = NO;
				DEBUG_INFORMATION_FORMAT = "dwarf-with-dsym";
				ENABLE_NS_ASSERTIONS = NO;
				ENABLE_STRICT_OBJC_MSGSEND = YES;
				GCC_C_LANGUAGE_STANDARD = gnu99;
				GCC_NO_COMMON_BLOCKS = YES;
				GCC_WARN_64_TO_32_BIT_CONVERSION = YES;
				GCC_WARN_ABOUT_RETURN_TYPE = YES_ERROR;
				GCC_WARN_UNDECLARED_SELECTOR = YES;
				GCC_WARN_UNINITIALIZED_AUTOS = YES_AGGRESSIVE;
				GCC_WARN_UNUSED_FUNCTION = YES;
				GCC_WARN_UNUSED_VARIABLE = YES;
				IPHONEOS_DEPLOYMENT_TARGET = 10.3;
				MTL_ENABLE_DEBUG_INFO = NO;
				SDKROOT = iphoneos;
				SWIFT_OPTIMIZATION_LEVEL = "-Owholemodule";
				TARGETED_DEVICE_FAMILY = "1,2";
				VALIDATE_PRODUCT = YES;
			};
			name = Release;
		};
		7C299DCF1EB2E90300BA67F1 /* Debug */ = {
			isa = XCBuildConfiguration;
			buildSettings = {
				ASSETCATALOG_COMPILER_APPICON_NAME = AppIcon;
				DEVELOPMENT_TEAM = A4TJ894JA9;
				INFOPLIST_FILE = Swift3.x_basics/Info.plist;
				LD_RUNPATH_SEARCH_PATHS = "$(inherited) @executable_path/Frameworks";
				PRODUCT_BUNDLE_IDENTIFIER = "com.landi.Swift3-x-basics";
				PRODUCT_NAME = "$(TARGET_NAME)";
				SWIFT_VERSION = 3.0;
			};
			name = Debug;
		};
		7C299DD01EB2E90300BA67F1 /* Release */ = {
			isa = XCBuildConfiguration;
			buildSettings = {
				ASSETCATALOG_COMPILER_APPICON_NAME = AppIcon;
				DEVELOPMENT_TEAM = A4TJ894JA9;
				INFOPLIST_FILE = Swift3.x_basics/Info.plist;
				LD_RUNPATH_SEARCH_PATHS = "$(inherited) @executable_path/Frameworks";
				PRODUCT_BUNDLE_IDENTIFIER = "com.landi.Swift3-x-basics";
				PRODUCT_NAME = "$(TARGET_NAME)";
				SWIFT_VERSION = 3.0;
			};
			name = Release;
		};
/* End XCBuildConfiguration section */

/* Begin XCConfigurationList section */
		7C299DB71EB2E90300BA67F1 /* Build configuration list for PBXProject "Swift3.x_basics" */ = {
			isa = XCConfigurationList;
			buildConfigurations = (
				7C299DCC1EB2E90300BA67F1 /* Debug */,
				7C299DCD1EB2E90300BA67F1 /* Release */,
			);
			defaultConfigurationIsVisible = 0;
			defaultConfigurationName = Release;
		};
		7C299DCE1EB2E90300BA67F1 /* Build configuration list for PBXNativeTarget "Swift3.x_basics" */ = {
			isa = XCConfigurationList;
			buildConfigurations = (
				7C299DCF1EB2E90300BA67F1 /* Debug */,
				7C299DD01EB2E90300BA67F1 /* Release */,
			);
			defaultConfigurationIsVisible = 0;
			defaultConfigurationName = Release;
		};
/* End XCConfigurationList section */
	};
	rootObject = 7C299DB41EB2E90300BA67F1 /* Project object */;
}
